
Microsoft Visual Studio Solution File, Format Version 12.00
# Visual Studio Version 16
VisualStudioVersion = 16.0.31829.152
MinimumVisualStudioVersion = 10.0.40219.1
Project("{FAE04EC0-301F-11D3-BF4B-00C04F79EFBC}") = "Class_10_Wpf", "Class_10_Wpf\Class_10_Wpf.csproj", "{33582EAB-B3E5-47FC-92A4-1E24383C97F8}"
EndProject
Global
	GlobalSection(SolutionConfigurationPlatforms) = preSolution
		Debug|Any CPU = Debug|Any CPU
		Release|Any CPU = Release|Any CPU
	EndGlobalSection
	GlobalSection(ProjectConfigurationPlatforms) = postSolution
		{33582EAB-B3E5-47FC-92A4-1E24383C97F8}.Debug|Any CPU.ActiveCfg = Debug|Any CPU
		{33582EAB-B3E5-47FC-92A4-1E24383C97F8}.Debug|Any CPU.Build.0 = Debug|Any CPU
		{33582EAB-B3E5-47FC-92A4-1E24383C97F8}.Release|Any CPU.ActiveCfg = Release|Any CPU
		{33582EAB-B3E5-47FC-92A4-1E24383C97F8}.Release|Any CPU.Build.0 = Release|Any CPU
	EndGlobalSection
	GlobalSection(SolutionProperties) = preSolution
		HideSolutionNode = FALSE
	EndGlobalSection
	GlobalSection(ExtensibilityGlobals) = postSolution
		SolutionGuid = {05084D59-3FB3-4A41-AB4D-94F93AA514BC}
	EndGlobalSection
EndGlobal
